
Microsoft Visual Studio Solution File, Format Version 12.00
# Visual Studio Version 17
VisualStudioVersion = 17.7.34024.191
MinimumVisualStudioVersion = 10.0.40219.1
Project("{FAE04EC0-301F-11D3-BF4B-00C04F79EFBC}") = "ConsoleApp8", "ConsoleApp8.csproj", "{B12F10F1-11F7-4444-8E1F-2C62435D9642}"
EndProject
Global
	GlobalSection(SolutionConfigurationPlatforms) = preSolution
		Debug|Any CPU = Debug|Any CPU
		Release|Any CPU = Release|Any CPU
	EndGlobalSection
	GlobalSection(ProjectConfigurationPlatforms) = postSolution
		{B12F10F1-11F7-4444-8E1F-2C62435D9642}.Debug|Any CPU.ActiveCfg = Debug|Any CPU
		{B12F10F1-11F7-4444-8E1F-2C62435D9642}.Debug|Any CPU.Build.0 = Debug|Any CPU
		{B12F10F1-11F7-4444-8E1F-2C62435D9642}.Release|Any CPU.ActiveCfg = Release|Any CPU
		{B12F10F1-11F7-4444-8E1F-2C62435D9642}.Release|Any CPU.Build.0 = Release|Any CPU
	EndGlobalSection
	GlobalSection(SolutionProperties) = preSolution
		HideSolutionNode = FALSE
	EndGlobalSection
	GlobalSection(ExtensibilityGlobals) = postSolution
		SolutionGuid = {69693EB4-28DF-4FF0-8546-46B22EBACB77}
	EndGlobalSection
EndGlobal
